// !$*UTF8*$!
{
	archiveVersion = 1;
	classes = {
	};
	objectVersion = 54;
	objects = {

/* Begin PBXBuildFile section */
		0DDA4BE846BACAAB371C9792 /* Pods_ConnectFour.framework in Frameworks */ = {isa = PBXBuildFile; fileRef = 63EFFAE83D0C471FDF314D5E /* Pods_ConnectFour.framework */; };
		1E199CF72751573C0099DF68 /* DefaultApiRepository.swift in Sources */ = {isa = PBXBuildFile; fileRef = 1E199CF52751573C0099DF68 /* DefaultApiRepository.swift */; };
		1E199CF82751573C0099DF68 /* CustomError.swift in Sources */ = {isa = PBXBuildFile; fileRef = 1E199CF62751573C0099DF68 /* CustomError.swift */; };
		1E270A9C2751756E00B405E7 /* Localizable.strings in Resources */ = {isa = PBXBuildFile; fileRef = 1E270A9E2751756E00B405E7 /* Localizable.strings */; };
		1E2D80FE27501114002755C3 /* ChipViewModel.swift in Sources */ = {isa = PBXBuildFile; fileRef = 1E2D80FD27501114002755C3 /* ChipViewModel.swift */; };
		1E2D8100275011D3002755C3 /* GamePresenter.swift in Sources */ = {isa = PBXBuildFile; fileRef = 1E2D80FF275011D3002755C3 /* GamePresenter.swift */; };
		1E2D81032750173E002755C3 /* BoardModels.swift in Sources */ = {isa = PBXBuildFile; fileRef = 1E2D81022750173E002755C3 /* BoardModels.swift */; };
		1E2D810527501790002755C3 /* PlayerModel.swift in Sources */ = {isa = PBXBuildFile; fileRef = 1E2D810427501790002755C3 /* PlayerModel.swift */; };
		1E2D8107275028EB002755C3 /* Grid.swift in Sources */ = {isa = PBXBuildFile; fileRef = 1E2D8106275028EB002755C3 /* Grid.swift */; };
		1E3779BC2750DC250075FF0E /* UIColor+Extensions.swift in Sources */ = {isa = PBXBuildFile; fileRef = 1E3779BB2750DC250075FF0E /* UIColor+Extensions.swift */; };
		1E3779C5275117910075FF0E /* MainMenuViewController.swift in Sources */ = {isa = PBXBuildFile; fileRef = 1E3779C4275117910075FF0E /* MainMenuViewController.swift */; };
		1E3779C727511A700075FF0E /* StoryboardInstantiator.swift in Sources */ = {isa = PBXBuildFile; fileRef = 1E3779C627511A700075FF0E /* StoryboardInstantiator.swift */; };
		1E3779C927511D010075FF0E /* MainMenuInteractor.swift in Sources */ = {isa = PBXBuildFile; fileRef = 1E3779C827511D010075FF0E /* MainMenuInteractor.swift */; };
		1E3779CB27511D410075FF0E /* MainMenuPresenter.swift in Sources */ = {isa = PBXBuildFile; fileRef = 1E3779CA27511D410075FF0E /* MainMenuPresenter.swift */; };
		1E3779CD27511E7C0075FF0E /* MainMenuFactory.swift in Sources */ = {isa = PBXBuildFile; fileRef = 1E3779CC27511E7C0075FF0E /* MainMenuFactory.swift */; };
		1E3779D027511F050075FF0E /* MainMenuRouter.swift in Sources */ = {isa = PBXBuildFile; fileRef = 1E3779CF27511F050075FF0E /* MainMenuRouter.swift */; };
		1E52F36327515E4000096F57 /* GameConfigurationWorker.swift in Sources */ = {isa = PBXBuildFile; fileRef = 1E52F36227515E4000096F57 /* GameConfigurationWorker.swift */; };
		1E52F36627515EDA00096F57 /* ApiRepository.swift in Sources */ = {isa = PBXBuildFile; fileRef = 1E52F36527515EDA00096F57 /* ApiRepository.swift */; };
		1E52F3682751659E00096F57 /* AlertDisplayer.swift.swift in Sources */ = {isa = PBXBuildFile; fileRef = 1E52F3672751659E00096F57 /* AlertDisplayer.swift.swift */; };
		1E60373D274D3E1C000DD2A8 /* GameFactory.swift in Sources */ = {isa = PBXBuildFile; fileRef = 1E60373C274D3E1C000DD2A8 /* GameFactory.swift */; };
		1E9C0C32274D4D8600DE5366 /* BoardView.swift in Sources */ = {isa = PBXBuildFile; fileRef = 1E9C0C31274D4D8600DE5366 /* BoardView.swift */; };
		1E9C0C34274D4E4E00DE5366 /* BoardView.xib in Resources */ = {isa = PBXBuildFile; fileRef = 1E9C0C33274D4E4E00DE5366 /* BoardView.xib */; };
		1EC7434527515B710076EF92 /* GameConfigurationEntity.swift in Sources */ = {isa = PBXBuildFile; fileRef = 1EC7434427515B710076EF92 /* GameConfigurationEntity.swift */; };
		1ECD5861274D362300E31006 /* AppDelegate.swift in Sources */ = {isa = PBXBuildFile; fileRef = 1ECD5860274D362300E31006 /* AppDelegate.swift */; };
		1ECD5863274D362300E31006 /* SceneDelegate.swift in Sources */ = {isa = PBXBuildFile; fileRef = 1ECD5862274D362300E31006 /* SceneDelegate.swift */; };
		1ECD5865274D362300E31006 /* GameViewController.swift in Sources */ = {isa = PBXBuildFile; fileRef = 1ECD5864274D362300E31006 /* GameViewController.swift */; };
		1ECD5868274D362300E31006 /* Main.storyboard in Resources */ = {isa = PBXBuildFile; fileRef = 1ECD5866274D362300E31006 /* Main.storyboard */; };
		1ECD586A274D362500E31006 /* Assets.xcassets in Resources */ = {isa = PBXBuildFile; fileRef = 1ECD5869274D362500E31006 /* Assets.xcassets */; };
		1ECD586D274D362500E31006 /* LaunchScreen.storyboard in Resources */ = {isa = PBXBuildFile; fileRef = 1ECD586B274D362500E31006 /* LaunchScreen.storyboard */; };
		1ECD5877274D363900E31006 /* GameInteractor.swift in Sources */ = {isa = PBXBuildFile; fileRef = 1ECD5875274D363900E31006 /* GameInteractor.swift */; };
		1ECD587A274D36F300E31006 /* GameState.swift in Sources */ = {isa = PBXBuildFile; fileRef = 1ECD5879274D36F300E31006 /* GameState.swift */; };
/* End PBXBuildFile section */

/* Begin PBXFileReference section */
		1E199CF52751573C0099DF68 /* DefaultApiRepository.swift */ = {isa = PBXFileReference; fileEncoding = 4; lastKnownFileType = sourcecode.swift; path = DefaultApiRepository.swift; sourceTree = "<group>"; };
		1E199CF62751573C0099DF68 /* CustomError.swift */ = {isa = PBXFileReference; fileEncoding = 4; lastKnownFileType = sourcecode.swift; path = CustomError.swift; sourceTree = "<group>"; };
		1E270A982751752500B405E7 /* es */ = {isa = PBXFileReference; lastKnownFileType = text.plist.strings; name = es; path = es.lproj/Main.strings; sourceTree = "<group>"; };
		1E270A992751752500B405E7 /* es */ = {isa = PBXFileReference; lastKnownFileType = text.plist.strings; name = es; path = es.lproj/LaunchScreen.strings; sourceTree = "<group>"; };
		1E270A9D2751756E00B405E7 /* en */ = {isa = PBXFileReference; lastKnownFileType = text.plist.strings; name = en; path = en.lproj/Localizable.strings; sourceTree = "<group>"; };
		1E270A9F2751756F00B405E7 /* es */ = {isa = PBXFileReference; lastKnownFileType = text.plist.strings; name = es; path = es.lproj/Localizable.strings; sourceTree = "<group>"; };
		1E2D80FD27501114002755C3 /* ChipViewModel.swift */ = {isa = PBXFileReference; lastKnownFileType = sourcecode.swift; path = ChipViewModel.swift; sourceTree = "<group>"; };
		1E2D80FF275011D3002755C3 /* GamePresenter.swift */ = {isa = PBXFileReference; lastKnownFileType = sourcecode.swift; path = GamePresenter.swift; sourceTree = "<group>"; };
		1E2D81022750173E002755C3 /* BoardModels.swift */ = {isa = PBXFileReference; lastKnownFileType = sourcecode.swift; path = BoardModels.swift; sourceTree = "<group>"; };
		1E2D810427501790002755C3 /* PlayerModel.swift */ = {isa = PBXFileReference; lastKnownFileType = sourcecode.swift; path = PlayerModel.swift; sourceTree = "<group>"; };
		1E2D8106275028EB002755C3 /* Grid.swift */ = {isa = PBXFileReference; lastKnownFileType = sourcecode.swift; path = Grid.swift; sourceTree = "<group>"; };
		1E3779BB2750DC250075FF0E /* UIColor+Extensions.swift */ = {isa = PBXFileReference; lastKnownFileType = sourcecode.swift; path = "UIColor+Extensions.swift"; sourceTree = "<group>"; };
		1E3779C4275117910075FF0E /* MainMenuViewController.swift */ = {isa = PBXFileReference; lastKnownFileType = sourcecode.swift; path = MainMenuViewController.swift; sourceTree = "<group>"; };
		1E3779C627511A700075FF0E /* StoryboardInstantiator.swift */ = {isa = PBXFileReference; lastKnownFileType = sourcecode.swift; path = StoryboardInstantiator.swift; sourceTree = "<group>"; };
		1E3779C827511D010075FF0E /* MainMenuInteractor.swift */ = {isa = PBXFileReference; lastKnownFileType = sourcecode.swift; path = MainMenuInteractor.swift; sourceTree = "<group>"; };
		1E3779CA27511D410075FF0E /* MainMenuPresenter.swift */ = {isa = PBXFileReference; lastKnownFileType = sourcecode.swift; path = MainMenuPresenter.swift; sourceTree = "<group>"; };
		1E3779CC27511E7C0075FF0E /* MainMenuFactory.swift */ = {isa = PBXFileReference; lastKnownFileType = sourcecode.swift; path = MainMenuFactory.swift; sourceTree = "<group>"; };
		1E3779CF27511F050075FF0E /* MainMenuRouter.swift */ = {isa = PBXFileReference; lastKnownFileType = sourcecode.swift; path = MainMenuRouter.swift; sourceTree = "<group>"; };
		1E52F36227515E4000096F57 /* GameConfigurationWorker.swift */ = {isa = PBXFileReference; lastKnownFileType = sourcecode.swift; path = GameConfigurationWorker.swift; sourceTree = "<group>"; };
		1E52F36527515EDA00096F57 /* ApiRepository.swift */ = {isa = PBXFileReference; lastKnownFileType = sourcecode.swift; path = ApiRepository.swift; sourceTree = "<group>"; };
		1E52F3672751659E00096F57 /* AlertDisplayer.swift.swift */ = {isa = PBXFileReference; lastKnownFileType = sourcecode.swift; path = AlertDisplayer.swift.swift; sourceTree = "<group>"; };
		1E60373C274D3E1C000DD2A8 /* GameFactory.swift */ = {isa = PBXFileReference; lastKnownFileType = sourcecode.swift; path = GameFactory.swift; sourceTree = "<group>"; };
		1E9C0C31274D4D8600DE5366 /* BoardView.swift */ = {isa = PBXFileReference; lastKnownFileType = sourcecode.swift; path = BoardView.swift; sourceTree = "<group>"; };
		1E9C0C33274D4E4E00DE5366 /* BoardView.xib */ = {isa = PBXFileReference; lastKnownFileType = file.xib; path = BoardView.xib; sourceTree = "<group>"; };
		1EC7434427515B710076EF92 /* GameConfigurationEntity.swift */ = {isa = PBXFileReference; lastKnownFileType = sourcecode.swift; path = GameConfigurationEntity.swift; sourceTree = "<group>"; };
		1ECD585D274D362300E31006 /* ConnectFour.app */ = {isa = PBXFileReference; explicitFileType = wrapper.application; includeInIndex = 0; path = ConnectFour.app; sourceTree = BUILT_PRODUCTS_DIR; };
		1ECD5860274D362300E31006 /* AppDelegate.swift */ = {isa = PBXFileReference; lastKnownFileType = sourcecode.swift; path = AppDelegate.swift; sourceTree = "<group>"; };
		1ECD5862274D362300E31006 /* SceneDelegate.swift */ = {isa = PBXFileReference; lastKnownFileType = sourcecode.swift; path = SceneDelegate.swift; sourceTree = "<group>"; };
		1ECD5864274D362300E31006 /* GameViewController.swift */ = {isa = PBXFileReference; lastKnownFileType = sourcecode.swift; path = GameViewController.swift; sourceTree = "<group>"; };
		1ECD5867274D362300E31006 /* Base */ = {isa = PBXFileReference; lastKnownFileType = file.storyboard; name = Base; path = Base.lproj/Main.storyboard; sourceTree = "<group>"; };
		1ECD5869274D362500E31006 /* Assets.xcassets */ = {isa = PBXFileReference; lastKnownFileType = folder.assetcatalog; path = Assets.xcassets; sourceTree = "<group>"; };
		1ECD586C274D362500E31006 /* Base */ = {isa = PBXFileReference; lastKnownFileType = file.storyboard; name = Base; path = Base.lproj/LaunchScreen.storyboard; sourceTree = "<group>"; };
		1ECD586E274D362500E31006 /* Info.plist */ = {isa = PBXFileReference; lastKnownFileType = text.plist.xml; path = Info.plist; sourceTree = "<group>"; };
		1ECD5875274D363900E31006 /* GameInteractor.swift */ = {isa = PBXFileReference; fileEncoding = 4; lastKnownFileType = sourcecode.swift; path = GameInteractor.swift; sourceTree = "<group>"; };
		1ECD5879274D36F300E31006 /* GameState.swift */ = {isa = PBXFileReference; lastKnownFileType = sourcecode.swift; path = GameState.swift; sourceTree = "<group>"; };
		38DB04B900754D07089D605A /* Pods-ConnectFour.release.xcconfig */ = {isa = PBXFileReference; includeInIndex = 1; lastKnownFileType = text.xcconfig; name = "Pods-ConnectFour.release.xcconfig"; path = "Target Support Files/Pods-ConnectFour/Pods-ConnectFour.release.xcconfig"; sourceTree = "<group>"; };
		63EFFAE83D0C471FDF314D5E /* Pods_ConnectFour.framework */ = {isa = PBXFileReference; explicitFileType = wrapper.framework; includeInIndex = 0; path = Pods_ConnectFour.framework; sourceTree = BUILT_PRODUCTS_DIR; };
		C949D2559BA95FB871E9E0DD /* Pods-ConnectFour.debug.xcconfig */ = {isa = PBXFileReference; includeInIndex = 1; lastKnownFileType = text.xcconfig; name = "Pods-ConnectFour.debug.xcconfig"; path = "Target Support Files/Pods-ConnectFour/Pods-ConnectFour.debug.xcconfig"; sourceTree = "<group>"; };
/* End PBXFileReference section */

/* Begin PBXFrameworksBuildPhase section */
		1ECD585A274D362300E31006 /* Frameworks */ = {
			isa = PBXFrameworksBuildPhase;
			buildActionMask = 2147483647;
			files = (
				0DDA4BE846BACAAB371C9792 /* Pods_ConnectFour.framework in Frameworks */,
			);
			runOnlyForDeploymentPostprocessing = 0;
		};
/* End PBXFrameworksBuildPhase section */

/* Begin PBXGroup section */
		1E2D80FC27501105002755C3 /* ViewModels */ = {
			isa = PBXGroup;
			children = (
				1E2D80FD27501114002755C3 /* ChipViewModel.swift */,
			);
			path = ViewModels;
			sourceTree = "<group>";
		};
		1E2D81012750172D002755C3 /* Models */ = {
			isa = PBXGroup;
			children = (
				1ECD5879274D36F300E31006 /* GameState.swift */,
				1E2D81022750173E002755C3 /* BoardModels.swift */,
				1E2D810427501790002755C3 /* PlayerModel.swift */,
				1E2D8106275028EB002755C3 /* Grid.swift */,
			);
			path = Models;
			sourceTree = "<group>";
		};
		1E3779BA2750DC130075FF0E /* Utils */ = {
			isa = PBXGroup;
			children = (
				1E3779BB2750DC250075FF0E /* UIColor+Extensions.swift */,
				1E3779C627511A700075FF0E /* StoryboardInstantiator.swift */,
				1E52F3672751659E00096F57 /* AlertDisplayer.swift.swift */,
			);
			path = Utils;
			sourceTree = "<group>";
		};
		1E3779BE275116B60075FF0E /* ViewControllers */ = {
			isa = PBXGroup;
			children = (
				1ECD5864274D362300E31006 /* GameViewController.swift */,
				1E3779C4275117910075FF0E /* MainMenuViewController.swift */,
			);
			path = ViewControllers;
			sourceTree = "<group>";
		};
		1E3779BF275116BD0075FF0E /* Interactors */ = {
			isa = PBXGroup;
			children = (
				1ECD5875274D363900E31006 /* GameInteractor.swift */,
				1E3779C827511D010075FF0E /* MainMenuInteractor.swift */,
			);
			path = Interactors;
			sourceTree = "<group>";
		};
		1E3779C0275116C40075FF0E /* Presenters */ = {
			isa = PBXGroup;
			children = (
				1E2D80FF275011D3002755C3 /* GamePresenter.swift */,
				1E3779CA27511D410075FF0E /* MainMenuPresenter.swift */,
			);
			path = Presenters;
			sourceTree = "<group>";
		};
		1E3779C1275116CE0075FF0E /* Factories */ = {
			isa = PBXGroup;
			children = (
				1E60373C274D3E1C000DD2A8 /* GameFactory.swift */,
				1E3779CC27511E7C0075FF0E /* MainMenuFactory.swift */,
			);
			path = Factories;
			sourceTree = "<group>";
		};
		1E3779C2275117450075FF0E /* Domain */ = {
			isa = PBXGroup;
			children = (
				1E52F36427515EC200096F57 /* RepositoryInterface */,
				1EC7434327515B5E0076EF92 /* Entities */,
				1EC7434027515B040076EF92 /* Workers */,
			);
			path = Domain;
			sourceTree = "<group>";
		};
		1E3779C3275117630075FF0E /* Data */ = {
			isa = PBXGroup;
			children = (
				1E199CF52751573C0099DF68 /* DefaultApiRepository.swift */,
				1E199CF62751573C0099DF68 /* CustomError.swift */,
			);
			path = Data;
			sourceTree = "<group>";
		};
		1E3779CE27511EFB0075FF0E /* Routers */ = {
			isa = PBXGroup;
			children = (
				1E3779CF27511F050075FF0E /* MainMenuRouter.swift */,
			);
			path = Routers;
			sourceTree = "<group>";
		};
		1E52F36427515EC200096F57 /* RepositoryInterface */ = {
			isa = PBXGroup;
			children = (
				1E52F36527515EDA00096F57 /* ApiRepository.swift */,
			);
			path = RepositoryInterface;
			sourceTree = "<group>";
		};
		1E9C0C2F274D4D6400DE5366 /* Presentation */ = {
			isa = PBXGroup;
			children = (
				1E3779CE27511EFB0075FF0E /* Routers */,
				1E3779C1275116CE0075FF0E /* Factories */,
				1E3779C0275116C40075FF0E /* Presenters */,
				1E3779BF275116BD0075FF0E /* Interactors */,
				1E3779BE275116B60075FF0E /* ViewControllers */,
				1E2D81012750172D002755C3 /* Models */,
				1E2D80FC27501105002755C3 /* ViewModels */,
				1E9C0C30274D4D6B00DE5366 /* Components */,
			);
			path = Presentation;
			sourceTree = "<group>";
		};
		1E9C0C30274D4D6B00DE5366 /* Components */ = {
			isa = PBXGroup;
			children = (
				1E9C0C31274D4D8600DE5366 /* BoardView.swift */,
				1E9C0C33274D4E4E00DE5366 /* BoardView.xib */,
			);
			path = Components;
			sourceTree = "<group>";
		};
		1EC7434027515B040076EF92 /* Workers */ = {
			isa = PBXGroup;
			children = (
				1E52F36227515E4000096F57 /* GameConfigurationWorker.swift */,
			);
			path = Workers;
			sourceTree = "<group>";
		};
		1EC7434327515B5E0076EF92 /* Entities */ = {
			isa = PBXGroup;
			children = (
				1EC7434427515B710076EF92 /* GameConfigurationEntity.swift */,
			);
			path = Entities;
			sourceTree = "<group>";
		};
		1ECD5854274D362300E31006 = {
			isa = PBXGroup;
			children = (
				1ECD585F274D362300E31006 /* ConnectFour */,
				1ECD585E274D362300E31006 /* Products */,
				F2E90DD2C6A24D3442F8B6F5 /* Pods */,
				C396428B484C91D39AA25E26 /* Frameworks */,
			);
			sourceTree = "<group>";
		};
		1ECD585E274D362300E31006 /* Products */ = {
			isa = PBXGroup;
			children = (
				1ECD585D274D362300E31006 /* ConnectFour.app */,
			);
			name = Products;
			sourceTree = "<group>";
		};
		1ECD585F274D362300E31006 /* ConnectFour */ = {
			isa = PBXGroup;
			children = (
				1E3779C3275117630075FF0E /* Data */,
				1E3779C2275117450075FF0E /* Domain */,
				1E3779BA2750DC130075FF0E /* Utils */,
				1E9C0C2F274D4D6400DE5366 /* Presentation */,
				1ECD5860274D362300E31006 /* AppDelegate.swift */,
				1ECD5862274D362300E31006 /* SceneDelegate.swift */,
				1ECD5866274D362300E31006 /* Main.storyboard */,
				1ECD5869274D362500E31006 /* Assets.xcassets */,
				1ECD586B274D362500E31006 /* LaunchScreen.storyboard */,
				1ECD586E274D362500E31006 /* Info.plist */,
				1E270A9E2751756E00B405E7 /* Localizable.strings */,
			);
			path = ConnectFour;
			sourceTree = "<group>";
		};
		C396428B484C91D39AA25E26 /* Frameworks */ = {
			isa = PBXGroup;
			children = (
				63EFFAE83D0C471FDF314D5E /* Pods_ConnectFour.framework */,
			);
			name = Frameworks;
			sourceTree = "<group>";
		};
		F2E90DD2C6A24D3442F8B6F5 /* Pods */ = {
			isa = PBXGroup;
			children = (
				C949D2559BA95FB871E9E0DD /* Pods-ConnectFour.debug.xcconfig */,
				38DB04B900754D07089D605A /* Pods-ConnectFour.release.xcconfig */,
			);
			path = Pods;
			sourceTree = "<group>";
		};
/* End PBXGroup section */

/* Begin PBXNativeTarget section */
		1ECD585C274D362300E31006 /* ConnectFour */ = {
			isa = PBXNativeTarget;
			buildConfigurationList = 1ECD5871274D362500E31006 /* Build configuration list for PBXNativeTarget "ConnectFour" */;
			buildPhases = (
				51805800F878122624FC325C /* [CP] Check Pods Manifest.lock */,
				1ECD5859274D362300E31006 /* Sources */,
				1ECD585A274D362300E31006 /* Frameworks */,
				1ECD585B274D362300E31006 /* Resources */,
				261EF2ACA04B4DD3B49C2E31 /* [CP] Embed Pods Frameworks */,
			);
			buildRules = (
			);
			dependencies = (
			);
			name = ConnectFour;
			productName = ConnectFour;
			productReference = 1ECD585D274D362300E31006 /* ConnectFour.app */;
			productType = "com.apple.product-type.application";
		};
/* End PBXNativeTarget section */

/* Begin PBXProject section */
		1ECD5855274D362300E31006 /* Project object */ = {
			isa = PBXProject;
			attributes = {
				BuildIndependentTargetsInParallel = 1;
				LastSwiftUpdateCheck = 1310;
				LastUpgradeCheck = 1310;
				TargetAttributes = {
					1ECD585C274D362300E31006 = {
						CreatedOnToolsVersion = 13.1;
					};
				};
			};
			buildConfigurationList = 1ECD5858274D362300E31006 /* Build configuration list for PBXProject "ConnectFour" */;
			compatibilityVersion = "Xcode 12.0";
			developmentRegion = en;
			hasScannedForEncodings = 0;
			knownRegions = (
				en,
				Base,
				es,
			);
			mainGroup = 1ECD5854274D362300E31006;
			productRefGroup = 1ECD585E274D362300E31006 /* Products */;
			projectDirPath = "";
			projectRoot = "";
			targets = (
				1ECD585C274D362300E31006 /* ConnectFour */,
			);
		};
/* End PBXProject section */

/* Begin PBXResourcesBuildPhase section */
		1ECD585B274D362300E31006 /* Resources */ = {
			isa = PBXResourcesBuildPhase;
			buildActionMask = 2147483647;
			files = (
				1E270A9C2751756E00B405E7 /* Localizable.strings in Resources */,
				1ECD586D274D362500E31006 /* LaunchScreen.storyboard in Resources */,
				1E9C0C34274D4E4E00DE5366 /* BoardView.xib in Resources */,
				1ECD586A274D362500E31006 /* Assets.xcassets in Resources */,
				1ECD5868274D362300E31006 /* Main.storyboard in Resources */,
			);
			runOnlyForDeploymentPostprocessing = 0;
		};
/* End PBXResourcesBuildPhase section */

/* Begin PBXShellScriptBuildPhase section */
		261EF2ACA04B4DD3B49C2E31 /* [CP] Embed Pods Frameworks */ = {
			isa = PBXShellScriptBuildPhase;
			buildActionMask = 2147483647;
			files = (
			);
			inputFileListPaths = (
				"${PODS_ROOT}/Target Support Files/Pods-ConnectFour/Pods-ConnectFour-frameworks-${CONFIGURATION}-input-files.xcfilelist",
			);
			name = "[CP] Embed Pods Frameworks";
			outputFileListPaths = (
				"${PODS_ROOT}/Target Support Files/Pods-ConnectFour/Pods-ConnectFour-frameworks-${CONFIGURATION}-output-files.xcfilelist",
			);
			runOnlyForDeploymentPostprocessing = 0;
			shellPath = /bin/sh;
			shellScript = "\"${PODS_ROOT}/Target Support Files/Pods-ConnectFour/Pods-ConnectFour-frameworks.sh\"\n";
			showEnvVarsInLog = 0;
		};
		51805800F878122624FC325C /* [CP] Check Pods Manifest.lock */ = {
			isa = PBXShellScriptBuildPhase;
			buildActionMask = 2147483647;
			files = (
			);
			inputFileListPaths = (
			);
			inputPaths = (
				"${PODS_PODFILE_DIR_PATH}/Podfile.lock",
				"${PODS_ROOT}/Manifest.lock",
			);
			name = "[CP] Check Pods Manifest.lock";
			outputFileListPaths = (
			);
			outputPaths = (
				"$(DERIVED_FILE_DIR)/Pods-ConnectFour-checkManifestLockResult.txt",
			);
			runOnlyForDeploymentPostprocessing = 0;
			shellPath = /bin/sh;
			shellScript = "diff \"${PODS_PODFILE_DIR_PATH}/Podfile.lock\" \"${PODS_ROOT}/Manifest.lock\" > /dev/null\nif [ $? != 0 ] ; then\n    # print error to STDERR\n    echo \"error: The sandbox is not in sync with the Podfile.lock. Run 'pod install' or update your CocoaPods installation.\" >&2\n    exit 1\nfi\n# This output is used by Xcode 'outputs' to avoid re-running this script phase.\necho \"SUCCESS\" > \"${SCRIPT_OUTPUT_FILE_0}\"\n";
			showEnvVarsInLog = 0;
		};
/* End PBXShellScriptBuildPhase section */

/* Begin PBXSourcesBuildPhase section */
		1ECD5859274D362300E31006 /* Sources */ = {
			isa = PBXSourcesBuildPhase;
			buildActionMask = 2147483647;
			files = (
				1ECD5877274D363900E31006 /* GameInteractor.swift in Sources */,
				1E2D810527501790002755C3 /* PlayerModel.swift in Sources */,
				1ECD5865274D362300E31006 /* GameViewController.swift in Sources */,
				1E3779BC2750DC250075FF0E /* UIColor+Extensions.swift in Sources */,
				1E3779C5275117910075FF0E /* MainMenuViewController.swift in Sources */,
				1ECD5861274D362300E31006 /* AppDelegate.swift in Sources */,
				1ECD587A274D36F300E31006 /* GameState.swift in Sources */,
				1E3779C727511A700075FF0E /* StoryboardInstantiator.swift in Sources */,
				1E52F36627515EDA00096F57 /* ApiRepository.swift in Sources */,
				1E3779C927511D010075FF0E /* MainMenuInteractor.swift in Sources */,
				1E52F36327515E4000096F57 /* GameConfigurationWorker.swift in Sources */,
				1E9C0C32274D4D8600DE5366 /* BoardView.swift in Sources */,
				1E52F3682751659E00096F57 /* AlertDisplayer.swift.swift in Sources */,
				1E2D8100275011D3002755C3 /* GamePresenter.swift in Sources */,
				1E60373D274D3E1C000DD2A8 /* GameFactory.swift in Sources */,
				1E3779CB27511D410075FF0E /* MainMenuPresenter.swift in Sources */,
				1EC7434527515B710076EF92 /* GameConfigurationEntity.swift in Sources */,
				1E2D80FE27501114002755C3 /* ChipViewModel.swift in Sources */,
				1E199CF82751573C0099DF68 /* CustomError.swift in Sources */,
				1E3779CD27511E7C0075FF0E /* MainMenuFactory.swift in Sources */,
				1E2D81032750173E002755C3 /* BoardModels.swift in Sources */,
				1E199CF72751573C0099DF68 /* DefaultApiRepository.swift in Sources */,
				1ECD5863274D362300E31006 /* SceneDelegate.swift in Sources */,
				1E2D8107275028EB002755C3 /* Grid.swift in Sources */,
				1E3779D027511F050075FF0E /* MainMenuRouter.swift in Sources */,
			);
			runOnlyForDeploymentPostprocessing = 0;
		};
/* End PBXSourcesBuildPhase section */

/* Begin PBXVariantGroup section */
		1E270A9E2751756E00B405E7 /* Localizable.strings */ = {
			isa = PBXVariantGroup;
			children = (
				1E270A9D2751756E00B405E7 /* en */,
				1E270A9F2751756F00B405E7 /* es */,
			);
			name = Localizable.strings;
			sourceTree = "<group>";
		};
		1ECD5866274D362300E31006 /* Main.storyboard */ = {
			isa = PBXVariantGroup;
			children = (
				1ECD5867274D362300E31006 /* Base */,
				1E270A982751752500B405E7 /* es */,
			);
			name = Main.storyboard;
			sourceTree = "<group>";
		};
		1ECD586B274D362500E31006 /* LaunchScreen.storyboard */ = {
			isa = PBXVariantGroup;
			children = (
				1ECD586C274D362500E31006 /* Base */,
				1E270A992751752500B405E7 /* es */,
			);
			name = LaunchScreen.storyboard;
			sourceTree = "<group>";
		};
/* End PBXVariantGroup section */

/* Begin XCBuildConfiguration section */
		1ECD586F274D362500E31006 /* Debug */ = {
			isa = XCBuildConfiguration;
			buildSettings = {
				ALWAYS_SEARCH_USER_PATHS = NO;
				CLANG_ANALYZER_LOCALIZABILITY_NONLOCALIZED = YES;
				CLANG_ANALYZER_NONNULL = YES;
				CLANG_ANALYZER_NUMBER_OBJECT_CONVERSION = YES_AGGRESSIVE;
				CLANG_CXX_LANGUAGE_STANDARD = "gnu++17";
				CLANG_CXX_LIBRARY = "libc++";
				CLANG_ENABLE_MODULES = YES;
				CLANG_ENABLE_OBJC_ARC = YES;
				CLANG_ENABLE_OBJC_WEAK = YES;
				CLANG_WARN_BLOCK_CAPTURE_AUTORELEASING = YES;
				CLANG_WARN_BOOL_CONVERSION = YES;
				CLANG_WARN_COMMA = YES;
				CLANG_WARN_CONSTANT_CONVERSION = YES;
				CLANG_WARN_DEPRECATED_OBJC_IMPLEMENTATIONS = YES;
				CLANG_WARN_DIRECT_OBJC_ISA_USAGE = YES_ERROR;
				CLANG_WARN_DOCUMENTATION_COMMENTS = YES;
				CLANG_WARN_EMPTY_BODY = YES;
				CLANG_WARN_ENUM_CONVERSION = YES;
				CLANG_WARN_INFINITE_RECURSION = YES;
				CLANG_WARN_INT_CONVERSION = YES;
				CLANG_WARN_NON_LITERAL_NULL_CONVERSION = YES;
				CLANG_WARN_OBJC_IMPLICIT_RETAIN_SELF = YES;
				CLANG_WARN_OBJC_LITERAL_CONVERSION = YES;
				CLANG_WARN_OBJC_ROOT_CLASS = YES_ERROR;
				CLANG_WARN_QUOTED_INCLUDE_IN_FRAMEWORK_HEADER = YES;
				CLANG_WARN_RANGE_LOOP_ANALYSIS = YES;
				CLANG_WARN_STRICT_PROTOTYPES = YES;
				CLANG_WARN_SUSPICIOUS_MOVE = YES;
				CLANG_WARN_UNGUARDED_AVAILABILITY = YES_AGGRESSIVE;
				CLANG_WARN_UNREACHABLE_CODE = YES;
				CLANG_WARN__DUPLICATE_METHOD_MATCH = YES;
				COPY_PHASE_STRIP = NO;
				DEBUG_INFORMATION_FORMAT = dwarf;
				ENABLE_STRICT_OBJC_MSGSEND = YES;
				ENABLE_TESTABILITY = YES;
				GCC_C_LANGUAGE_STANDARD = gnu11;
				GCC_DYNAMIC_NO_PIC = NO;
				GCC_NO_COMMON_BLOCKS = YES;
				GCC_OPTIMIZATION_LEVEL = 0;
				GCC_PREPROCESSOR_DEFINITIONS = (
					"DEBUG=1",
					"$(inherited)",
				);
				GCC_WARN_64_TO_32_BIT_CONVERSION = YES;
				GCC_WARN_ABOUT_RETURN_TYPE = YES_ERROR;
				GCC_WARN_UNDECLARED_SELECTOR = YES;
				GCC_WARN_UNINITIALIZED_AUTOS = YES_AGGRESSIVE;
				GCC_WARN_UNUSED_FUNCTION = YES;
				GCC_WARN_UNUSED_VARIABLE = YES;
				IPHONEOS_DEPLOYMENT_TARGET = 15.0;
				MTL_ENABLE_DEBUG_INFO = INCLUDE_SOURCE;
				MTL_FAST_MATH = YES;
				ONLY_ACTIVE_ARCH = YES;
				SDKROOT = iphoneos;
				SWIFT_ACTIVE_COMPILATION_CONDITIONS = DEBUG;
				SWIFT_EMIT_LOC_STRINGS = YES;
				SWIFT_OPTIMIZATION_LEVEL = "-Onone";
			};
			name = Debug;
		};
		1ECD5870274D362500E31006 /* Release */ = {
			isa = XCBuildConfiguration;
			buildSettings = {
				ALWAYS_SEARCH_USER_PATHS = NO;
				CLANG_ANALYZER_LOCALIZABILITY_NONLOCALIZED = YES;
				CLANG_ANALYZER_NONNULL = YES;
				CLANG_ANALYZER_NUMBER_OBJECT_CONVERSION = YES_AGGRESSIVE;
				CLANG_CXX_LANGUAGE_STANDARD = "gnu++17";
				CLANG_CXX_LIBRARY = "libc++";
				CLANG_ENABLE_MODULES = YES;
				CLANG_ENABLE_OBJC_ARC = YES;
				CLANG_ENABLE_OBJC_WEAK = YES;
				CLANG_WARN_BLOCK_CAPTURE_AUTORELEASING = YES;
				CLANG_WARN_BOOL_CONVERSION = YES;
				CLANG_WARN_COMMA = YES;
				CLANG_WARN_CONSTANT_CONVERSION = YES;
				CLANG_WARN_DEPRECATED_OBJC_IMPLEMENTATIONS = YES;
				CLANG_WARN_DIRECT_OBJC_ISA_USAGE = YES_ERROR;
				CLANG_WARN_DOCUMENTATION_COMMENTS = YES;
				CLANG_WARN_EMPTY_BODY = YES;
				CLANG_WARN_ENUM_CONVERSION = YES;
				CLANG_WARN_INFINITE_RECURSION = YES;
				CLANG_WARN_INT_CONVERSION = YES;
				CLANG_WARN_NON_LITERAL_NULL_CONVERSION = YES;
				CLANG_WARN_OBJC_IMPLICIT_RETAIN_SELF = YES;
				CLANG_WARN_OBJC_LITERAL_CONVERSION = YES;
				CLANG_WARN_OBJC_ROOT_CLASS = YES_ERROR;
				CLANG_WARN_QUOTED_INCLUDE_IN_FRAMEWORK_HEADER = YES;
				CLANG_WARN_RANGE_LOOP_ANALYSIS = YES;
				CLANG_WARN_STRICT_PROTOTYPES = YES;
				CLANG_WARN_SUSPICIOUS_MOVE = YES;
				CLANG_WARN_UNGUARDED_AVAILABILITY = YES_AGGRESSIVE;
				CLANG_WARN_UNREACHABLE_CODE = YES;
				CLANG_WARN__DUPLICATE_METHOD_MATCH = YES;
				COPY_PHASE_STRIP = NO;
				DEBUG_INFORMATION_FORMAT = "dwarf-with-dsym";
				ENABLE_NS_ASSERTIONS = NO;
				ENABLE_STRICT_OBJC_MSGSEND = YES;
				GCC_C_LANGUAGE_STANDARD = gnu11;
				GCC_NO_COMMON_BLOCKS = YES;
				GCC_WARN_64_TO_32_BIT_CONVERSION = YES;
				GCC_WARN_ABOUT_RETURN_TYPE = YES_ERROR;
				GCC_WARN_UNDECLARED_SELECTOR = YES;
				GCC_WARN_UNINITIALIZED_AUTOS = YES_AGGRESSIVE;
				GCC_WARN_UNUSED_FUNCTION = YES;
				GCC_WARN_UNUSED_VARIABLE = YES;
				IPHONEOS_DEPLOYMENT_TARGET = 15.0;
				MTL_ENABLE_DEBUG_INFO = NO;
				MTL_FAST_MATH = YES;
				SDKROOT = iphoneos;
				SWIFT_COMPILATION_MODE = wholemodule;
				SWIFT_EMIT_LOC_STRINGS = YES;
				SWIFT_OPTIMIZATION_LEVEL = "-O";
				VALIDATE_PRODUCT = YES;
			};
			name = Release;
		};
		1ECD5872274D362500E31006 /* Debug */ = {
			isa = XCBuildConfiguration;
			baseConfigurationReference = C949D2559BA95FB871E9E0DD /* Pods-ConnectFour.debug.xcconfig */;
			buildSettings = {
				ASSETCATALOG_COMPILER_APPICON_NAME = AppIcon;
				ASSETCATALOG_COMPILER_GLOBAL_ACCENT_COLOR_NAME = AccentColor;
				CODE_SIGN_STYLE = Automatic;
				CURRENT_PROJECT_VERSION = 1;
				GENERATE_INFOPLIST_FILE = YES;
				INFOPLIST_FILE = ConnectFour/Info.plist;
				INFOPLIST_KEY_UIApplicationSupportsIndirectInputEvents = YES;
				INFOPLIST_KEY_UILaunchStoryboardName = LaunchScreen;
				INFOPLIST_KEY_UIMainStoryboardFile = Main;
				INFOPLIST_KEY_UISupportedInterfaceOrientations_iPad = "UIInterfaceOrientationLandscapeLeft UIInterfaceOrientationLandscapeRight";
				INFOPLIST_KEY_UISupportedInterfaceOrientations_iPhone = "UIInterfaceOrientationPortrait UIInterfaceOrientationLandscapeLeft UIInterfaceOrientationLandscapeRight";
				LD_RUNPATH_SEARCH_PATHS = (
					"$(inherited)",
					"@executable_path/Frameworks",
				);
				MARKETING_VERSION = 1.0;
				PRODUCT_BUNDLE_IDENTIFIER = com.anonymous.ConnectFour;
				PRODUCT_NAME = "$(TARGET_NAME)";
				SWIFT_EMIT_LOC_STRINGS = YES;
				SWIFT_VERSION = 5.0;
				TARGETED_DEVICE_FAMILY = 2;
			};
			name = Debug;
		};
		1ECD5873274D362500E31006 /* Release */ = {
			isa = XCBuildConfiguration;
			baseConfigurationReference = 38DB04B900754D07089D605A /* Pods-ConnectFour.release.xcconfig */;
			buildSettings = {
				ASSETCATALOG_COMPILER_APPICON_NAME = AppIcon;
				ASSETCATALOG_COMPILER_GLOBAL_ACCENT_COLOR_NAME = AccentColor;
				CODE_SIGN_STYLE = Automatic;
				CURRENT_PROJECT_VERSION = 1;
				GENERATE_INFOPLIST_FILE = YES;
				INFOPLIST_FILE = ConnectFour/Info.plist;
				INFOPLIST_KEY_UIApplicationSupportsIndirectInputEvents = YES;
				INFOPLIST_KEY_UILaunchStoryboardName = LaunchScreen;
				INFOPLIST_KEY_UIMainStoryboardFile = Main;
				INFOPLIST_KEY_UISupportedInterfaceOrientations_iPad = "UIInterfaceOrientationLandscapeLeft UIInterfaceOrientationLandscapeRight";
				INFOPLIST_KEY_UISupportedInterfaceOrientations_iPhone = "UIInterfaceOrientationPortrait UIInterfaceOrientationLandscapeLeft UIInterfaceOrientationLandscapeRight";
				LD_RUNPATH_SEARCH_PATHS = (
					"$(inherited)",
					"@executable_path/Frameworks",
				);
				MARKETING_VERSION = 1.0;
				PRODUCT_BUNDLE_IDENTIFIER = com.anonymous.ConnectFour;
				PRODUCT_NAME = "$(TARGET_NAME)";
				SWIFT_EMIT_LOC_STRINGS = YES;
				SWIFT_VERSION = 5.0;
				TARGETED_DEVICE_FAMILY = 2;
			};
			name = Release;
		};
/* End XCBuildConfiguration section */

/* Begin XCConfigurationList section */
		1ECD5858274D362300E31006 /* Build configuration list for PBXProject "ConnectFour" */ = {
			isa = XCConfigurationList;
			buildConfigurations = (
				1ECD586F274D362500E31006 /* Debug */,
				1ECD5870274D362500E31006 /* Release */,
			);
			defaultConfigurationIsVisible = 0;
			defaultConfigurationName = Release;
		};
		1ECD5871274D362500E31006 /* Build configuration list for PBXNativeTarget "ConnectFour" */ = {
			isa = XCConfigurationList;
			buildConfigurations = (
				1ECD5872274D362500E31006 /* Debug */,
				1ECD5873274D362500E31006 /* Release */,
			);
			defaultConfigurationIsVisible = 0;
			defaultConfigurationName = Release;
		};
/* End XCConfigurationList section */
	};
	rootObject = 1ECD5855274D362300E31006 /* Project object */;
}
